
Microsoft Visual Studio Solution File, Format Version 12.00
# Visual Studio Version 17
VisualStudioVersion = 17.9.34714.143
MinimumVisualStudioVersion = 10.0.40219.1
Project("{FAE04EC0-301F-11D3-BF4B-00C04F79EFBC}") = "pos-system-api", "pos-system\pos-system-api.csproj", "{67E526C2-1219-48C0-AED9-6400E13F763F}"
EndProject
Global
	GlobalSection(SolutionConfigurationPlatforms) = preSolution
		Debug|Any CPU = Debug|Any CPU
		Release|Any CPU = Release|Any CPU
	EndGlobalSection
	GlobalSection(ProjectConfigurationPlatforms) = postSolution
		{67E526C2-1219-48C0-AED9-6400E13F763F}.Debug|Any CPU.ActiveCfg = Debug|Any CPU
		{67E526C2-1219-48C0-AED9-6400E13F763F}.Debug|Any CPU.Build.0 = Debug|Any CPU
		{67E526C2-1219-48C0-AED9-6400E13F763F}.Release|Any CPU.ActiveCfg = Release|Any CPU
		{67E526C2-1219-48C0-AED9-6400E13F763F}.Release|Any CPU.Build.0 = Release|Any CPU
	EndGlobalSection
	GlobalSection(SolutionProperties) = preSolution
		HideSolutionNode = FALSE
	EndGlobalSection
	GlobalSection(ExtensibilityGlobals) = postSolution
		SolutionGuid = {AD5F4A3D-5BDF-40EB-8314-D01CDAADF855}
	EndGlobalSection
EndGlobal
